// !$*UTF8*$!
{
	archiveVersion = 1;
	classes = {
	};
	objectVersion = 46;
	objects = {

/* Begin PBXBuildFile section */
		128F893E1CCDA3910044FD06 /* AppDelegate.m in Sources */ = {isa = PBXBuildFile; fileRef = 128F89331CCDA3910044FD06 /* AppDelegate.m */; };
		128F893F1CCDA3910044FD06 /* Assets.xcassets in Resources */ = {isa = PBXBuildFile; fileRef = 128F89341CCDA3910044FD06 /* Assets.xcassets */; };
		128F89401CCDA3910044FD06 /* Base.lproj in Resources */ = {isa = PBXBuildFile; fileRef = 128F89351CCDA3910044FD06 /* Base.lproj */; };
		128F89411CCDA3910044FD06 /* Hero.m in Sources */ = {isa = PBXBuildFile; fileRef = 128F89371CCDA3910044FD06 /* Hero.m */; };
		128F89421CCDA3910044FD06 /* HeroDetailViewController.m in Sources */ = {isa = PBXBuildFile; fileRef = 128F89391CCDA3910044FD06 /* HeroDetailViewController.m */; };
		128F89431CCDA3910044FD06 /* HeroTableViewContoller.m in Sources */ = {isa = PBXBuildFile; fileRef = 128F893B1CCDA3910044FD06 /* HeroTableViewContoller.m */; };
		128F89441CCDA3910044FD06 /* Info.plist in Resources */ = {isa = PBXBuildFile; fileRef = 128F893C1CCDA3910044FD06 /* Info.plist */; };
		128F89451CCDA3910044FD06 /* main.m in Sources */ = {isa = PBXBuildFile; fileRef = 128F893D1CCDA3910044FD06 /* main.m */; };
		128F89491CCDA48B0044FD06 /* LaunchScreen.storyboard in Resources */ = {isa = PBXBuildFile; fileRef = 128F89481CCDA48B0044FD06 /* LaunchScreen.storyboard */; };
		128F894B1CCDA4950044FD06 /* Main.storyboard in Resources */ = {isa = PBXBuildFile; fileRef = 128F894A1CCDA4950044FD06 /* Main.storyboard */; };
		128F894D1CCDA4E50044FD06 /* heroes.json in Resources */ = {isa = PBXBuildFile; fileRef = 128F894C1CCDA4E50044FD06 /* heroes.json */; };
/* End PBXBuildFile section */

/* Begin PBXFileReference section */
		128A1C871CCA92820010C748 /* Hero Tracker.app */ = {isa = PBXFileReference; explicitFileType = wrapper.application; includeInIndex = 0; path = "Hero Tracker.app"; sourceTree = BUILT_PRODUCTS_DIR; };
		128F89321CCDA3910044FD06 /* AppDelegate.h */ = {isa = PBXFileReference; fileEncoding = 4; lastKnownFileType = sourcecode.c.h; name = AppDelegate.h; path = "Hero Tracker/AppDelegate.h"; sourceTree = "<group>"; };
		128F89331CCDA3910044FD06 /* AppDelegate.m */ = {isa = PBXFileReference; fileEncoding = 4; lastKnownFileType = sourcecode.c.objc; name = AppDelegate.m; path = "Hero Tracker/AppDelegate.m"; sourceTree = "<group>"; };
		128F89341CCDA3910044FD06 /* Assets.xcassets */ = {isa = PBXFileReference; lastKnownFileType = folder.assetcatalog; name = Assets.xcassets; path = "Hero Tracker/Assets.xcassets"; sourceTree = "<group>"; };
		128F89351CCDA3910044FD06 /* Base.lproj */ = {isa = PBXFileReference; lastKnownFileType = folder; name = Base.lproj; path = "Hero Tracker/Hero Tracker/Base.lproj"; sourceTree = "<group>"; };
		128F89361CCDA3910044FD06 /* Hero.h */ = {isa = PBXFileReference; fileEncoding = 4; lastKnownFileType = sourcecode.c.h; name = Hero.h; path = "Hero Tracker/Hero.h"; sourceTree = "<group>"; };
		128F89371CCDA3910044FD06 /* Hero.m */ = {isa = PBXFileReference; fileEncoding = 4; lastKnownFileType = sourcecode.c.objc; name = Hero.m; path = "Hero Tracker/Hero.m"; sourceTree = "<group>"; };
		128F89381CCDA3910044FD06 /* HeroDetailViewController.h */ = {isa = PBXFileReference; fileEncoding = 4; lastKnownFileType = sourcecode.c.h; name = HeroDetailViewController.h; path = "Hero Tracker/HeroDetailViewController.h"; sourceTree = "<group>"; };
		128F89391CCDA3910044FD06 /* HeroDetailViewController.m */ = {isa = PBXFileReference; fileEncoding = 4; lastKnownFileType = sourcecode.c.objc; name = HeroDetailViewController.m; path = "Hero Tracker/HeroDetailViewController.m"; sourceTree = "<group>"; };
		128F893A1CCDA3910044FD06 /* HeroTableViewContoller.h */ = {isa = PBXFileReference; fileEncoding = 4; lastKnownFileType = sourcecode.c.h; name = HeroTableViewContoller.h; path = "Hero Tracker/HeroTableViewContoller.h"; sourceTree = "<group>"; };
		128F893B1CCDA3910044FD06 /* HeroTableViewContoller.m */ = {isa = PBXFileReference; fileEncoding = 4; lastKnownFileType = sourcecode.c.objc; name = HeroTableViewContoller.m; path = "Hero Tracker/HeroTableViewContoller.m"; sourceTree = "<group>"; };
		128F893C1CCDA3910044FD06 /* Info.plist */ = {isa = PBXFileReference; fileEncoding = 4; lastKnownFileType = text.plist.xml; name = Info.plist; path = "Hero Tracker/Info.plist"; sourceTree = "<group>"; };
		128F893D1CCDA3910044FD06 /* main.m */ = {isa = PBXFileReference; fileEncoding = 4; lastKnownFileType = sourcecode.c.objc; name = main.m; path = "Hero Tracker/main.m"; sourceTree = "<group>"; };
		128F89481CCDA48B0044FD06 /* LaunchScreen.storyboard */ = {isa = PBXFileReference; fileEncoding = 4; lastKnownFileType = file.storyboard; name = LaunchScreen.storyboard; path = "Hero Tracker/Base.lproj/LaunchScreen.storyboard"; sourceTree = "<group>"; };
		128F894A1CCDA4950044FD06 /* Main.storyboard */ = {isa = PBXFileReference; fileEncoding = 4; lastKnownFileType = file.storyboard; name = Main.storyboard; path = "Hero Tracker/Base.lproj/Main.storyboard"; sourceTree = "<group>"; };
		128F894C1CCDA4E50044FD06 /* heroes.json */ = {isa = PBXFileReference; fileEncoding = 4; lastKnownFileType = text.json; path = heroes.json; sourceTree = SOURCE_ROOT; };
/* End PBXFileReference section */

/* Begin PBXFrameworksBuildPhase section */
		128A1C841CCA92820010C748 /* Frameworks */ = {
			isa = PBXFrameworksBuildPhase;
			buildActionMask = 2147483647;
			files = (
			);
			runOnlyForDeploymentPostprocessing = 0;
		};
/* End PBXFrameworksBuildPhase section */

/* Begin PBXGroup section */
		128A1C7E1CCA92820010C748 = {
			isa = PBXGroup;
			children = (
				128F89351CCDA3910044FD06 /* Base.lproj */,
				128A1C891CCA92820010C748 /* Hero Tracker */,
				128A1C881CCA92820010C748 /* Products */,
			);
			sourceTree = "<group>";
		};
		128A1C881CCA92820010C748 /* Products */ = {
			isa = PBXGroup;
			children = (
				128A1C871CCA92820010C748 /* Hero Tracker.app */,
			);
			name = Products;
			sourceTree = "<group>";
		};
		128A1C891CCA92820010C748 /* Hero Tracker */ = {
			isa = PBXGroup;
			children = (
				128F89321CCDA3910044FD06 /* AppDelegate.h */,
				128F89331CCDA3910044FD06 /* AppDelegate.m */,
				128F89481CCDA48B0044FD06 /* LaunchScreen.storyboard */,
				128F894A1CCDA4950044FD06 /* Main.storyboard */,
				128F89341CCDA3910044FD06 /* Assets.xcassets */,
				128F89361CCDA3910044FD06 /* Hero.h */,
				128F89371CCDA3910044FD06 /* Hero.m */,
				128F89381CCDA3910044FD06 /* HeroDetailViewController.h */,
				128F89391CCDA3910044FD06 /* HeroDetailViewController.m */,
				128F893A1CCDA3910044FD06 /* HeroTableViewContoller.h */,
				128F893B1CCDA3910044FD06 /* HeroTableViewContoller.m */,
				128A1C8A1CCA92820010C748 /* Supporting Files */,
			);
			path = "Hero Tracker";
			sourceTree = "<group>";
		};
		128A1C8A1CCA92820010C748 /* Supporting Files */ = {
			isa = PBXGroup;
			children = (
				128F893C1CCDA3910044FD06 /* Info.plist */,
				128F893D1CCDA3910044FD06 /* main.m */,
				128F894C1CCDA4E50044FD06 /* heroes.json */,
			);
			name = "Supporting Files";
			sourceTree = "<group>";
		};
/* End PBXGroup section */

/* Begin PBXNativeTarget section */
		128A1C861CCA92820010C748 /* Hero Tracker */ = {
			isa = PBXNativeTarget;
			buildConfigurationList = 128A1C9E1CCA92820010C748 /* Build configuration list for PBXNativeTarget "Hero Tracker" */;
			buildPhases = (
				128A1C831CCA92820010C748 /* Sources */,
				128A1C841CCA92820010C748 /* Frameworks */,
				128A1C851CCA92820010C748 /* Resources */,
			);
			buildRules = (
			);
			dependencies = (
			);
			name = "Hero Tracker";
			productName = "Hero Tracker";
			productReference = 128A1C871CCA92820010C748 /* Hero Tracker.app */;
			productType = "com.apple.product-type.application";
		};
/* End PBXNativeTarget section */

/* Begin PBXProject section */
		128A1C7F1CCA92820010C748 /* Project object */ = {
			isa = PBXProject;
			attributes = {
				LastUpgradeCheck = 0730;
				ORGANIZATIONNAME = "Jorge Catalan";
				TargetAttributes = {
					128A1C861CCA92820010C748 = {
						CreatedOnToolsVersion = 7.3;
						DevelopmentTeam = DFHMFVHWS2;
					};
				};
			};
			buildConfigurationList = 128A1C821CCA92820010C748 /* Build configuration list for PBXProject "Hero Tracker" */;
			compatibilityVersion = "Xcode 3.2";
			developmentRegion = English;
			hasScannedForEncodings = 0;
			knownRegions = (
				en,
				Base,
			);
			mainGroup = 128A1C7E1CCA92820010C748;
			productRefGroup = 128A1C881CCA92820010C748 /* Products */;
			projectDirPath = "";
			projectRoot = "";
			targets = (
				128A1C861CCA92820010C748 /* Hero Tracker */,
			);
		};
/* End PBXProject section */

/* Begin PBXResourcesBuildPhase section */
		128A1C851CCA92820010C748 /* Resources */ = {
			isa = PBXResourcesBuildPhase;
			buildActionMask = 2147483647;
			files = (
				128F89401CCDA3910044FD06 /* Base.lproj in Resources */,
				128F894B1CCDA4950044FD06 /* Main.storyboard in Resources */,
				128F89491CCDA48B0044FD06 /* LaunchScreen.storyboard in Resources */,
				128F894D1CCDA4E50044FD06 /* heroes.json in Resources */,
				128F893F1CCDA3910044FD06 /* Assets.xcassets in Resources */,
				128F89441CCDA3910044FD06 /* Info.plist in Resources */,
			);
			runOnlyForDeploymentPostprocessing = 0;
		};
/* End PBXResourcesBuildPhase section */

/* Begin PBXSourcesBuildPhase section */
		128A1C831CCA92820010C748 /* Sources */ = {
			isa = PBXSourcesBuildPhase;
			buildActionMask = 2147483647;
			files = (
				128F89451CCDA3910044FD06 /* main.m in Sources */,
				128F89421CCDA3910044FD06 /* HeroDetailViewController.m in Sources */,
				128F893E1CCDA3910044FD06 /* AppDelegate.m in Sources */,
				128F89431CCDA3910044FD06 /* HeroTableViewContoller.m in Sources */,
				128F89411CCDA3910044FD06 /* Hero.m in Sources */,
			);
			runOnlyForDeploymentPostprocessing = 0;
		};
/* End PBXSourcesBuildPhase section */

/* Begin XCBuildConfiguration section */
		128A1C9C1CCA92820010C748 /* Debug */ = {
			isa = XCBuildConfiguration;
			buildSettings = {
				ALWAYS_SEARCH_USER_PATHS = NO;
				CLANG_ANALYZER_NONNULL = YES;
				CLANG_CXX_LANGUAGE_STANDARD = "gnu++0x";
				CLANG_CXX_LIBRARY = "libc++";
				CLANG_ENABLE_MODULES = YES;
				CLANG_ENABLE_OBJC_ARC = YES;
				CLANG_WARN_BOOL_CONVERSION = YES;
				CLANG_WARN_CONSTANT_CONVERSION = YES;
				CLANG_WARN_DIRECT_OBJC_ISA_USAGE = YES_ERROR;
				CLANG_WARN_EMPTY_BODY = YES;
				CLANG_WARN_ENUM_CONVERSION = YES;
				CLANG_WARN_INT_CONVERSION = YES;
				CLANG_WARN_OBJC_ROOT_CLASS = YES_ERROR;
				CLANG_WARN_UNREACHABLE_CODE = YES;
				CLANG_WARN__DUPLICATE_METHOD_MATCH = YES;
				"CODE_SIGN_IDENTITY[sdk=iphoneos*]" = "iPhone Developer";
				COPY_PHASE_STRIP = NO;
				DEBUG_INFORMATION_FORMAT = dwarf;
				ENABLE_STRICT_OBJC_MSGSEND = YES;
				ENABLE_TESTABILITY = YES;
				GCC_C_LANGUAGE_STANDARD = gnu99;
				GCC_DYNAMIC_NO_PIC = NO;
				GCC_NO_COMMON_BLOCKS = YES;
				GCC_OPTIMIZATION_LEVEL = 0;
				GCC_PREPROCESSOR_DEFINITIONS = (
					"DEBUG=1",
					"$(inherited)",
				);
				GCC_WARN_64_TO_32_BIT_CONVERSION = YES;
				GCC_WARN_ABOUT_RETURN_TYPE = YES_ERROR;
				GCC_WARN_UNDECLARED_SELECTOR = YES;
				GCC_WARN_UNINITIALIZED_AUTOS = YES_AGGRESSIVE;
				GCC_WARN_UNUSED_FUNCTION = YES;
				GCC_WARN_UNUSED_VARIABLE = YES;
				IPHONEOS_DEPLOYMENT_TARGET = 9.3;
				MTL_ENABLE_DEBUG_INFO = YES;
				ONLY_ACTIVE_ARCH = YES;
				SDKROOT = iphoneos;
				TARGETED_DEVICE_FAMILY = "1,2";
			};
			name = Debug;
		};
		128A1C9D1CCA92820010C748 /* Release */ = {
			isa = XCBuildConfiguration;
			buildSettings = {
				ALWAYS_SEARCH_USER_PATHS = NO;
				CLANG_ANALYZER_NONNULL = YES;
				CLANG_CXX_LANGUAGE_STANDARD = "gnu++0x";
				CLANG_CXX_LIBRARY = "libc++";
				CLANG_ENABLE_MODULES = YES;
				CLANG_ENABLE_OBJC_ARC = YES;
				CLANG_WARN_BOOL_CONVERSION = YES;
				CLANG_WARN_CONSTANT_CONVERSION = YES;
				CLANG_WARN_DIRECT_OBJC_ISA_USAGE = YES_ERROR;
				CLANG_WARN_EMPTY_BODY = YES;
				CLANG_WARN_ENUM_CONVERSION = YES;
				CLANG_WARN_INT_CONVERSION = YES;
				CLANG_WARN_OBJC_ROOT_CLASS = YES_ERROR;
				CLANG_WARN_UNREACHABLE_CODE = YES;
				CLANG_WARN__DUPLICATE_METHOD_MATCH = YES;
				"CODE_SIGN_IDENTITY[sdk=iphoneos*]" = "iPhone Developer";
				COPY_PHASE_STRIP = NO;
				DEBUG_INFORMATION_FORMAT = "dwarf-with-dsym";
				ENABLE_NS_ASSERTIONS = NO;
				ENABLE_STRICT_OBJC_MSGSEND = YES;
				GCC_C_LANGUAGE_STANDARD = gnu99;
				GCC_NO_COMMON_BLOCKS = YES;
				GCC_WARN_64_TO_32_BIT_CONVERSION = YES;
				GCC_WARN_ABOUT_RETURN_TYPE = YES_ERROR;
				GCC_WARN_UNDECLARED_SELECTOR = YES;
				GCC_WARN_UNINITIALIZED_AUTOS = YES_AGGRESSIVE;
				GCC_WARN_UNUSED_FUNCTION = YES;
				GCC_WARN_UNUSED_VARIABLE = YES;
				IPHONEOS_DEPLOYMENT_TARGET = 9.3;
				MTL_ENABLE_DEBUG_INFO = NO;
				SDKROOT = iphoneos;
				TARGETED_DEVICE_FAMILY = "1,2";
				VALIDATE_PRODUCT = YES;
			};
			name = Release;
		};
		128A1C9F1CCA92820010C748 /* Debug */ = {
			isa = XCBuildConfiguration;
			buildSettings = {
				ASSETCATALOG_COMPILER_APPICON_NAME = AppIcon;
				INFOPLIST_FILE = "$(SRCROOT)/Hero Tracker/Hero Tracker/Info.plist";
				LD_RUNPATH_SEARCH_PATHS = "$(inherited) @executable_path/Frameworks";
				PRODUCT_BUNDLE_IDENTIFIER = "Jorge-Catalan.Hero-Tracker";
				PRODUCT_NAME = "Hero Tracker";
			};
			name = Debug;
		};
		128A1CA01CCA92820010C748 /* Release */ = {
			isa = XCBuildConfiguration;
			buildSettings = {
				ASSETCATALOG_COMPILER_APPICON_NAME = AppIcon;
				INFOPLIST_FILE = "$(SRCROOT)/Hero Tracker/Hero Tracker/Info.plist";
				LD_RUNPATH_SEARCH_PATHS = "$(inherited) @executable_path/Frameworks";
				PRODUCT_BUNDLE_IDENTIFIER = "Jorge-Catalan.Hero-Tracker";
				PRODUCT_NAME = "Hero Tracker";
			};
			name = Release;
		};
/* End XCBuildConfiguration section */

/* Begin XCConfigurationList section */
		128A1C821CCA92820010C748 /* Build configuration list for PBXProject "Hero Tracker" */ = {
			isa = XCConfigurationList;
			buildConfigurations = (
				128A1C9C1CCA92820010C748 /* Debug */,
				128A1C9D1CCA92820010C748 /* Release */,
			);
			defaultConfigurationIsVisible = 0;
			defaultConfigurationName = Release;
		};
		128A1C9E1CCA92820010C748 /* Build configuration list for PBXNativeTarget "Hero Tracker" */ = {
			isa = XCConfigurationList;
			buildConfigurations = (
				128A1C9F1CCA92820010C748 /* Debug */,
				128A1CA01CCA92820010C748 /* Release */,
			);
			defaultConfigurationIsVisible = 0;
			defaultConfigurationName = Release;
		};
/* End XCConfigurationList section */
	};
	rootObject = 128A1C7F1CCA92820010C748 /* Project object */;
}
